
Microsoft Visual Studio Solution File, Format Version 12.00
# Visual Studio Version 16
VisualStudioVersion = 16.0.29519.181
MinimumVisualStudioVersion = 10.0.40219.1
Project("{FAE04EC0-301F-11D3-BF4B-00C04F79EFBC}") = "MarketPlace.Api", "MarketPlace.Api\MarketPlace.Api.csproj", "{10214E08-84AF-4E14-BE58-81ABA305B7CB}"
EndProject
Global
	GlobalSection(SolutionConfigurationPlatforms) = preSolution
		Debug|Any CPU = Debug|Any CPU
		Release|Any CPU = Release|Any CPU
	EndGlobalSection
	GlobalSection(ProjectConfigurationPlatforms) = postSolution
		{10214E08-84AF-4E14-BE58-81ABA305B7CB}.Debug|Any CPU.ActiveCfg = Debug|Any CPU
		{10214E08-84AF-4E14-BE58-81ABA305B7CB}.Debug|Any CPU.Build.0 = Debug|Any CPU
		{10214E08-84AF-4E14-BE58-81ABA305B7CB}.Release|Any CPU.ActiveCfg = Release|Any CPU
		{10214E08-84AF-4E14-BE58-81ABA305B7CB}.Release|Any CPU.Build.0 = Release|Any CPU
	EndGlobalSection
	GlobalSection(SolutionProperties) = preSolution
		HideSolutionNode = FALSE
	EndGlobalSection
	GlobalSection(ExtensibilityGlobals) = postSolution
		SolutionGuid = {A335E4E7-16CF-49EC-ACC4-F7EB25232445}
	EndGlobalSection
EndGlobal
